
Microsoft Visual Studio Solution File, Format Version 12.00
# Visual Studio 15
VisualStudioVersion = 15.0.27703.2035
MinimumVisualStudioVersion = 10.0.40219.1
Project("{FAE04EC0-301F-11D3-BF4B-00C04F79EFBC}") = "Singleton2", "Singleton2\Singleton2.csproj", "{837E7754-D091-4054-9DBF-990F31714BB3}"
EndProject
Global
	GlobalSection(SolutionConfigurationPlatforms) = preSolution
		Debug|Any CPU = Debug|Any CPU
		Release|Any CPU = Release|Any CPU
	EndGlobalSection
	GlobalSection(ProjectConfigurationPlatforms) = postSolution
		{837E7754-D091-4054-9DBF-990F31714BB3}.Debug|Any CPU.ActiveCfg = Debug|Any CPU
		{837E7754-D091-4054-9DBF-990F31714BB3}.Debug|Any CPU.Build.0 = Debug|Any CPU
		{837E7754-D091-4054-9DBF-990F31714BB3}.Release|Any CPU.ActiveCfg = Release|Any CPU
		{837E7754-D091-4054-9DBF-990F31714BB3}.Release|Any CPU.Build.0 = Release|Any CPU
	EndGlobalSection
	GlobalSection(SolutionProperties) = preSolution
		HideSolutionNode = FALSE
	EndGlobalSection
	GlobalSection(ExtensibilityGlobals) = postSolution
		SolutionGuid = {41CC5BA5-ED71-44C1-8CF7-DB4C06BF825B}
	EndGlobalSection
EndGlobal
